// !$*UTF8*$!
{
	archiveVersion = 1;
	classes = {
	};
	objectVersion = 46;
	objects = {

/* Begin PBXBuildFile section */
		ED04A4B0178D2C6000B7623D /* UIKit.framework in Frameworks */ = {isa = PBXBuildFile; fileRef = ED04A4AF178D2C6000B7623D /* UIKit.framework */; };
		ED04A4B2178D2C6000B7623D /* Foundation.framework in Frameworks */ = {isa = PBXBuildFile; fileRef = ED04A4B1178D2C6000B7623D /* Foundation.framework */; };
		ED04A4B4178D2C6000B7623D /* CoreGraphics.framework in Frameworks */ = {isa = PBXBuildFile; fileRef = ED04A4B3178D2C6000B7623D /* CoreGraphics.framework */; };
		ED04A4BA178D2C6000B7623D /* InfoPlist.strings in Resources */ = {isa = PBXBuildFile; fileRef = ED04A4B8178D2C6000B7623D /* InfoPlist.strings */; };
		ED04A4BC178D2C6000B7623D /* main.m in Sources */ = {isa = PBXBuildFile; fileRef = ED04A4BB178D2C6000B7623D /* main.m */; };
		ED04A4C0178D2C6000B7623D /* FirstAppAppDelegate.m in Sources */ = {isa = PBXBuildFile; fileRef = ED04A4BF178D2C6000B7623D /* FirstAppAppDelegate.m */; };
		ED04A4C2178D2C6000B7623D /* Default.png in Resources */ = {isa = PBXBuildFile; fileRef = ED04A4C1178D2C6000B7623D /* Default.png */; };
		ED04A4C4178D2C6000B7623D /* Default@2x.png in Resources */ = {isa = PBXBuildFile; fileRef = ED04A4C3178D2C6000B7623D /* Default@2x.png */; };
		ED04A4C6178D2C6000B7623D /* Default-568h@2x.png in Resources */ = {isa = PBXBuildFile; fileRef = ED04A4C5178D2C6000B7623D /* Default-568h@2x.png */; };
		ED04A4C9178D2C6000B7623D /* MainStoryboard_iPhone.storyboard in Resources */ = {isa = PBXBuildFile; fileRef = ED04A4C7178D2C6000B7623D /* MainStoryboard_iPhone.storyboard */; };
		ED04A4CF178D2C6000B7623D /* FirstAppViewController.m in Sources */ = {isa = PBXBuildFile; fileRef = ED04A4CE178D2C6000B7623D /* FirstAppViewController.m */; };
		ED04A4E9178DE50F00B7623D /* AFHTTPClient.m in Sources */ = {isa = PBXBuildFile; fileRef = ED04A4D7178DE50F00B7623D /* AFHTTPClient.m */; };
		ED04A4EA178DE50F00B7623D /* AFHTTPRequestOperation.m in Sources */ = {isa = PBXBuildFile; fileRef = ED04A4D9178DE50F00B7623D /* AFHTTPRequestOperation.m */; };
		ED04A4EB178DE50F00B7623D /* AFImageRequestOperation.m in Sources */ = {isa = PBXBuildFile; fileRef = ED04A4DB178DE50F00B7623D /* AFImageRequestOperation.m */; };
		ED04A4EC178DE50F00B7623D /* AFJSONRequestOperation.m in Sources */ = {isa = PBXBuildFile; fileRef = ED04A4DD178DE50F00B7623D /* AFJSONRequestOperation.m */; };
		ED04A4ED178DE50F00B7623D /* AFNetworkActivityIndicatorManager.m in Sources */ = {isa = PBXBuildFile; fileRef = ED04A4DF178DE50F00B7623D /* AFNetworkActivityIndicatorManager.m */; };
		ED04A4EE178DE50F00B7623D /* AFPropertyListRequestOperation.m in Sources */ = {isa = PBXBuildFile; fileRef = ED04A4E2178DE50F00B7623D /* AFPropertyListRequestOperation.m */; };
		ED04A4EF178DE50F00B7623D /* AFURLConnectionOperation.m in Sources */ = {isa = PBXBuildFile; fileRef = ED04A4E4178DE50F00B7623D /* AFURLConnectionOperation.m */; };
		ED04A4F0178DE50F00B7623D /* AFXMLRequestOperation.m in Sources */ = {isa = PBXBuildFile; fileRef = ED04A4E6178DE50F00B7623D /* AFXMLRequestOperation.m */; };
		ED04A4F1178DE50F00B7623D /* UIImageView+AFNetworking.m in Sources */ = {isa = PBXBuildFile; fileRef = ED04A4E8178DE50F00B7623D /* UIImageView+AFNetworking.m */; };
/* End PBXBuildFile section */

/* Begin PBXFileReference section */
		ED04A4AC178D2C6000B7623D /* First App.app */ = {isa = PBXFileReference; explicitFileType = wrapper.application; includeInIndex = 0; path = "First App.app"; sourceTree = BUILT_PRODUCTS_DIR; };
		ED04A4AF178D2C6000B7623D /* UIKit.framework */ = {isa = PBXFileReference; lastKnownFileType = wrapper.framework; name = UIKit.framework; path = System/Library/Frameworks/UIKit.framework; sourceTree = SDKROOT; };
		ED04A4B1178D2C6000B7623D /* Foundation.framework */ = {isa = PBXFileReference; lastKnownFileType = wrapper.framework; name = Foundation.framework; path = System/Library/Frameworks/Foundation.framework; sourceTree = SDKROOT; };
		ED04A4B3178D2C6000B7623D /* CoreGraphics.framework */ = {isa = PBXFileReference; lastKnownFileType = wrapper.framework; name = CoreGraphics.framework; path = System/Library/Frameworks/CoreGraphics.framework; sourceTree = SDKROOT; };
		ED04A4B7178D2C6000B7623D /* First App-Info.plist */ = {isa = PBXFileReference; lastKnownFileType = text.plist.xml; path = "First App-Info.plist"; sourceTree = "<group>"; };
		ED04A4B9178D2C6000B7623D /* en */ = {isa = PBXFileReference; lastKnownFileType = text.plist.strings; name = en; path = en.lproj/InfoPlist.strings; sourceTree = "<group>"; };
		ED04A4BB178D2C6000B7623D /* main.m */ = {isa = PBXFileReference; lastKnownFileType = sourcecode.c.objc; path = main.m; sourceTree = "<group>"; };
		ED04A4BD178D2C6000B7623D /* First App-Prefix.pch */ = {isa = PBXFileReference; lastKnownFileType = sourcecode.c.h; path = "First App-Prefix.pch"; sourceTree = "<group>"; };
		ED04A4BE178D2C6000B7623D /* FirstAppAppDelegate.h */ = {isa = PBXFileReference; lastKnownFileType = sourcecode.c.h; path = FirstAppAppDelegate.h; sourceTree = "<group>"; };
		ED04A4BF178D2C6000B7623D /* FirstAppAppDelegate.m */ = {isa = PBXFileReference; lastKnownFileType = sourcecode.c.objc; path = FirstAppAppDelegate.m; sourceTree = "<group>"; };
		ED04A4C1178D2C6000B7623D /* Default.png */ = {isa = PBXFileReference; lastKnownFileType = image.png; path = Default.png; sourceTree = "<group>"; };
		ED04A4C3178D2C6000B7623D /* Default@2x.png */ = {isa = PBXFileReference; lastKnownFileType = image.png; path = "Default@2x.png"; sourceTree = "<group>"; };
		ED04A4C5178D2C6000B7623D /* Default-568h@2x.png */ = {isa = PBXFileReference; lastKnownFileType = image.png; path = "Default-568h@2x.png"; sourceTree = "<group>"; };
		ED04A4C8178D2C6000B7623D /* en */ = {isa = PBXFileReference; lastKnownFileType = file.storyboard; name = en; path = en.lproj/MainStoryboard_iPhone.storyboard; sourceTree = "<group>"; };
		ED04A4CD178D2C6000B7623D /* FirstAppViewController.h */ = {isa = PBXFileReference; lastKnownFileType = sourcecode.c.h; path = FirstAppViewController.h; sourceTree = "<group>"; };
		ED04A4CE178D2C6000B7623D /* FirstAppViewController.m */ = {isa = PBXFileReference; lastKnownFileType = sourcecode.c.objc; path = FirstAppViewController.m; sourceTree = "<group>"; };
		ED04A4D6178DE50F00B7623D /* AFHTTPClient.h */ = {isa = PBXFileReference; fileEncoding = 4; lastKnownFileType = sourcecode.c.h; path = AFHTTPClient.h; sourceTree = "<group>"; };
		ED04A4D7178DE50F00B7623D /* AFHTTPClient.m */ = {isa = PBXFileReference; fileEncoding = 4; lastKnownFileType = sourcecode.c.objc; path = AFHTTPClient.m; sourceTree = "<group>"; };
		ED04A4D8178DE50F00B7623D /* AFHTTPRequestOperation.h */ = {isa = PBXFileReference; fileEncoding = 4; lastKnownFileType = sourcecode.c.h; path = AFHTTPRequestOperation.h; sourceTree = "<group>"; };
		ED04A4D9178DE50F00B7623D /* AFHTTPRequestOperation.m */ = {isa = PBXFileReference; fileEncoding = 4; lastKnownFileType = sourcecode.c.objc; path = AFHTTPRequestOperation.m; sourceTree = "<group>"; };
		ED04A4DA178DE50F00B7623D /* AFImageRequestOperation.h */ = {isa = PBXFileReference; fileEncoding = 4; lastKnownFileType = sourcecode.c.h; path = AFImageRequestOperation.h; sourceTree = "<group>"; };
		ED04A4DB178DE50F00B7623D /* AFImageRequestOperation.m */ = {isa = PBXFileReference; fileEncoding = 4; lastKnownFileType = sourcecode.c.objc; path = AFImageRequestOperation.m; sourceTree = "<group>"; };
		ED04A4DC178DE50F00B7623D /* AFJSONRequestOperation.h */ = {isa = PBXFileReference; fileEncoding = 4; lastKnownFileType = sourcecode.c.h; path = AFJSONRequestOperation.h; sourceTree = "<group>"; };
		ED04A4DD178DE50F00B7623D /* AFJSONRequestOperation.m */ = {isa = PBXFileReference; fileEncoding = 4; lastKnownFileType = sourcecode.c.objc; path = AFJSONRequestOperation.m; sourceTree = "<group>"; };
		ED04A4DE178DE50F00B7623D /* AFNetworkActivityIndicatorManager.h */ = {isa = PBXFileReference; fileEncoding = 4; lastKnownFileType = sourcecode.c.h; path = AFNetworkActivityIndicatorManager.h; sourceTree = "<group>"; };
		ED04A4DF178DE50F00B7623D /* AFNetworkActivityIndicatorManager.m */ = {isa = PBXFileReference; fileEncoding = 4; lastKnownFileType = sourcecode.c.objc; path = AFNetworkActivityIndicatorManager.m; sourceTree = "<group>"; };
		ED04A4E0178DE50F00B7623D /* AFNetworking.h */ = {isa = PBXFileReference; fileEncoding = 4; lastKnownFileType = sourcecode.c.h; path = AFNetworking.h; sourceTree = "<group>"; };
		ED04A4E1178DE50F00B7623D /* AFPropertyListRequestOperation.h */ = {isa = PBXFileReference; fileEncoding = 4; lastKnownFileType = sourcecode.c.h; path = AFPropertyListRequestOperation.h; sourceTree = "<group>"; };
		ED04A4E2178DE50F00B7623D /* AFPropertyListRequestOperation.m */ = {isa = PBXFileReference; fileEncoding = 4; lastKnownFileType = sourcecode.c.objc; path = AFPropertyListRequestOperation.m; sourceTree = "<group>"; };
		ED04A4E3178DE50F00B7623D /* AFURLConnectionOperation.h */ = {isa = PBXFileReference; fileEncoding = 4; lastKnownFileType = sourcecode.c.h; path = AFURLConnectionOperation.h; sourceTree = "<group>"; };
		ED04A4E4178DE50F00B7623D /* AFURLConnectionOperation.m */ = {isa = PBXFileReference; fileEncoding = 4; lastKnownFileType = sourcecode.c.objc; path = AFURLConnectionOperation.m; sourceTree = "<group>"; };
		ED04A4E5178DE50F00B7623D /* AFXMLRequestOperation.h */ = {isa = PBXFileReference; fileEncoding = 4; lastKnownFileType = sourcecode.c.h; path = AFXMLRequestOperation.h; sourceTree = "<group>"; };
		ED04A4E6178DE50F00B7623D /* AFXMLRequestOperation.m */ = {isa = PBXFileReference; fileEncoding = 4; lastKnownFileType = sourcecode.c.objc; path = AFXMLRequestOperation.m; sourceTree = "<group>"; };
		ED04A4E7178DE50F00B7623D /* UIImageView+AFNetworking.h */ = {isa = PBXFileReference; fileEncoding = 4; lastKnownFileType = sourcecode.c.h; path = "UIImageView+AFNetworking.h"; sourceTree = "<group>"; };
		ED04A4E8178DE50F00B7623D /* UIImageView+AFNetworking.m */ = {isa = PBXFileReference; fileEncoding = 4; lastKnownFileType = sourcecode.c.objc; path = "UIImageView+AFNetworking.m"; sourceTree = "<group>"; };
/* End PBXFileReference section */

/* Begin PBXFrameworksBuildPhase section */
		ED04A4A9178D2C6000B7623D /* Frameworks */ = {
			isa = PBXFrameworksBuildPhase;
			buildActionMask = 2147483647;
			files = (
				ED04A4B0178D2C6000B7623D /* UIKit.framework in Frameworks */,
				ED04A4B2178D2C6000B7623D /* Foundation.framework in Frameworks */,
				ED04A4B4178D2C6000B7623D /* CoreGraphics.framework in Frameworks */,
			);
			runOnlyForDeploymentPostprocessing = 0;
		};
/* End PBXFrameworksBuildPhase section */

/* Begin PBXGroup section */
		ED04A4A3178D2C6000B7623D = {
			isa = PBXGroup;
			children = (
				ED04A4B5178D2C6000B7623D /* First App */,
				ED04A4AE178D2C6000B7623D /* Frameworks */,
				ED04A4AD178D2C6000B7623D /* Products */,
			);
			sourceTree = "<group>";
		};
		ED04A4AD178D2C6000B7623D /* Products */ = {
			isa = PBXGroup;
			children = (
				ED04A4AC178D2C6000B7623D /* First App.app */,
			);
			name = Products;
			sourceTree = "<group>";
		};
		ED04A4AE178D2C6000B7623D /* Frameworks */ = {
			isa = PBXGroup;
			children = (
				ED04A4AF178D2C6000B7623D /* UIKit.framework */,
				ED04A4B1178D2C6000B7623D /* Foundation.framework */,
				ED04A4B3178D2C6000B7623D /* CoreGraphics.framework */,
			);
			name = Frameworks;
			sourceTree = "<group>";
		};
		ED04A4B5178D2C6000B7623D /* First App */ = {
			isa = PBXGroup;
			children = (
				ED04A4D5178DE50F00B7623D /* AFNetworking */,
				ED04A4BE178D2C6000B7623D /* FirstAppAppDelegate.h */,
				ED04A4BF178D2C6000B7623D /* FirstAppAppDelegate.m */,
				ED04A4C7178D2C6000B7623D /* MainStoryboard_iPhone.storyboard */,
				ED04A4CD178D2C6000B7623D /* FirstAppViewController.h */,
				ED04A4CE178D2C6000B7623D /* FirstAppViewController.m */,
				ED04A4B6178D2C6000B7623D /* Supporting Files */,
			);
			path = "First App";
			sourceTree = "<group>";
		};
		ED04A4B6178D2C6000B7623D /* Supporting Files */ = {
			isa = PBXGroup;
			children = (
				ED04A4B7178D2C6000B7623D /* First App-Info.plist */,
				ED04A4B8178D2C6000B7623D /* InfoPlist.strings */,
				ED04A4BB178D2C6000B7623D /* main.m */,
				ED04A4BD178D2C6000B7623D /* First App-Prefix.pch */,
				ED04A4C1178D2C6000B7623D /* Default.png */,
				ED04A4C3178D2C6000B7623D /* Default@2x.png */,
				ED04A4C5178D2C6000B7623D /* Default-568h@2x.png */,
			);
			name = "Supporting Files";
			sourceTree = "<group>";
		};
		ED04A4D5178DE50F00B7623D /* AFNetworking */ = {
			isa = PBXGroup;
			children = (
				ED04A4D6178DE50F00B7623D /* AFHTTPClient.h */,
				ED04A4D7178DE50F00B7623D /* AFHTTPClient.m */,
				ED04A4D8178DE50F00B7623D /* AFHTTPRequestOperation.h */,
				ED04A4D9178DE50F00B7623D /* AFHTTPRequestOperation.m */,
				ED04A4DA178DE50F00B7623D /* AFImageRequestOperation.h */,
				ED04A4DB178DE50F00B7623D /* AFImageRequestOperation.m */,
				ED04A4DC178DE50F00B7623D /* AFJSONRequestOperation.h */,
				ED04A4DD178DE50F00B7623D /* AFJSONRequestOperation.m */,
				ED04A4DE178DE50F00B7623D /* AFNetworkActivityIndicatorManager.h */,
				ED04A4DF178DE50F00B7623D /* AFNetworkActivityIndicatorManager.m */,
				ED04A4E0178DE50F00B7623D /* AFNetworking.h */,
				ED04A4E1178DE50F00B7623D /* AFPropertyListRequestOperation.h */,
				ED04A4E2178DE50F00B7623D /* AFPropertyListRequestOperation.m */,
				ED04A4E3178DE50F00B7623D /* AFURLConnectionOperation.h */,
				ED04A4E4178DE50F00B7623D /* AFURLConnectionOperation.m */,
				ED04A4E5178DE50F00B7623D /* AFXMLRequestOperation.h */,
				ED04A4E6178DE50F00B7623D /* AFXMLRequestOperation.m */,
				ED04A4E7178DE50F00B7623D /* UIImageView+AFNetworking.h */,
				ED04A4E8178DE50F00B7623D /* UIImageView+AFNetworking.m */,
			);
			path = AFNetworking;
			sourceTree = "<group>";
		};
/* End PBXGroup section */

/* Begin PBXNativeTarget section */
		ED04A4AB178D2C6000B7623D /* First App */ = {
			isa = PBXNativeTarget;
			buildConfigurationList = ED04A4D2178D2C6000B7623D /* Build configuration list for PBXNativeTarget "First App" */;
			buildPhases = (
				ED04A4A8178D2C6000B7623D /* Sources */,
				ED04A4A9178D2C6000B7623D /* Frameworks */,
				ED04A4AA178D2C6000B7623D /* Resources */,
			);
			buildRules = (
			);
			dependencies = (
			);
			name = "First App";
			productName = "First App";
			productReference = ED04A4AC178D2C6000B7623D /* First App.app */;
			productType = "com.apple.product-type.application";
		};
/* End PBXNativeTarget section */

/* Begin PBXProject section */
		ED04A4A4178D2C6000B7623D /* Project object */ = {
			isa = PBXProject;
			attributes = {
				CLASSPREFIX = FirstApp;
				LastUpgradeCheck = 0460;
				ORGANIZATIONNAME = "Andrew Young";
			};
			buildConfigurationList = ED04A4A7178D2C6000B7623D /* Build configuration list for PBXProject "First App" */;
			compatibilityVersion = "Xcode 3.2";
			developmentRegion = English;
			hasScannedForEncodings = 0;
			knownRegions = (
				en,
			);
			mainGroup = ED04A4A3178D2C6000B7623D;
			productRefGroup = ED04A4AD178D2C6000B7623D /* Products */;
			projectDirPath = "";
			projectRoot = "";
			targets = (
				ED04A4AB178D2C6000B7623D /* First App */,
			);
		};
/* End PBXProject section */

/* Begin PBXResourcesBuildPhase section */
		ED04A4AA178D2C6000B7623D /* Resources */ = {
			isa = PBXResourcesBuildPhase;
			buildActionMask = 2147483647;
			files = (
				ED04A4BA178D2C6000B7623D /* InfoPlist.strings in Resources */,
				ED04A4C2178D2C6000B7623D /* Default.png in Resources */,
				ED04A4C4178D2C6000B7623D /* Default@2x.png in Resources */,
				ED04A4C6178D2C6000B7623D /* Default-568h@2x.png in Resources */,
				ED04A4C9178D2C6000B7623D /* MainStoryboard_iPhone.storyboard in Resources */,
			);
			runOnlyForDeploymentPostprocessing = 0;
		};
/* End PBXResourcesBuildPhase section */

/* Begin PBXSourcesBuildPhase section */
		ED04A4A8178D2C6000B7623D /* Sources */ = {
			isa = PBXSourcesBuildPhase;
			buildActionMask = 2147483647;
			files = (
				ED04A4BC178D2C6000B7623D /* main.m in Sources */,
				ED04A4C0178D2C6000B7623D /* FirstAppAppDelegate.m in Sources */,
				ED04A4CF178D2C6000B7623D /* FirstAppViewController.m in Sources */,
				ED04A4E9178DE50F00B7623D /* AFHTTPClient.m in Sources */,
				ED04A4EA178DE50F00B7623D /* AFHTTPRequestOperation.m in Sources */,
				ED04A4EB178DE50F00B7623D /* AFImageRequestOperation.m in Sources */,
				ED04A4EC178DE50F00B7623D /* AFJSONRequestOperation.m in Sources */,
				ED04A4ED178DE50F00B7623D /* AFNetworkActivityIndicatorManager.m in Sources */,
				ED04A4EE178DE50F00B7623D /* AFPropertyListRequestOperation.m in Sources */,
				ED04A4EF178DE50F00B7623D /* AFURLConnectionOperation.m in Sources */,
				ED04A4F0178DE50F00B7623D /* AFXMLRequestOperation.m in Sources */,
				ED04A4F1178DE50F00B7623D /* UIImageView+AFNetworking.m in Sources */,
			);
			runOnlyForDeploymentPostprocessing = 0;
		};
/* End PBXSourcesBuildPhase section */

/* Begin PBXVariantGroup section */
		ED04A4B8178D2C6000B7623D /* InfoPlist.strings */ = {
			isa = PBXVariantGroup;
			children = (
				ED04A4B9178D2C6000B7623D /* en */,
			);
			name = InfoPlist.strings;
			sourceTree = "<group>";
		};
		ED04A4C7178D2C6000B7623D /* MainStoryboard_iPhone.storyboard */ = {
			isa = PBXVariantGroup;
			children = (
				ED04A4C8178D2C6000B7623D /* en */,
			);
			name = MainStoryboard_iPhone.storyboard;
			sourceTree = "<group>";
		};
/* End PBXVariantGroup section */

/* Begin XCBuildConfiguration section */
		ED04A4D0178D2C6000B7623D /* Debug */ = {
			isa = XCBuildConfiguration;
			buildSettings = {
				ALWAYS_SEARCH_USER_PATHS = NO;
				CLANG_CXX_LANGUAGE_STANDARD = "gnu++0x";
				CLANG_CXX_LIBRARY = "libc++";
				CLANG_ENABLE_OBJC_ARC = YES;
				CLANG_WARN_CONSTANT_CONVERSION = YES;
				CLANG_WARN_EMPTY_BODY = YES;
				CLANG_WARN_ENUM_CONVERSION = YES;
				CLANG_WARN_INT_CONVERSION = YES;
				CLANG_WARN__DUPLICATE_METHOD_MATCH = YES;
				"CODE_SIGN_IDENTITY[sdk=iphoneos*]" = "iPhone Developer";
				COPY_PHASE_STRIP = NO;
				GCC_C_LANGUAGE_STANDARD = gnu99;
				GCC_DYNAMIC_NO_PIC = NO;
				GCC_OPTIMIZATION_LEVEL = 0;
				GCC_PREPROCESSOR_DEFINITIONS = (
					"DEBUG=1",
					"$(inherited)",
				);
				GCC_SYMBOLS_PRIVATE_EXTERN = NO;
				GCC_WARN_ABOUT_RETURN_TYPE = YES;
				GCC_WARN_UNINITIALIZED_AUTOS = YES;
				GCC_WARN_UNUSED_VARIABLE = YES;
				IPHONEOS_DEPLOYMENT_TARGET = 6.1;
				ONLY_ACTIVE_ARCH = YES;
				SDKROOT = iphoneos;
				TARGETED_DEVICE_FAMILY = "1,2";
			};
			name = Debug;
		};
		ED04A4D1178D2C6000B7623D /* Release */ = {
			isa = XCBuildConfiguration;
			buildSettings = {
				ALWAYS_SEARCH_USER_PATHS = NO;
				CLANG_CXX_LANGUAGE_STANDARD = "gnu++0x";
				CLANG_CXX_LIBRARY = "libc++";
				CLANG_ENABLE_OBJC_ARC = YES;
				CLANG_WARN_CONSTANT_CONVERSION = YES;
				CLANG_WARN_EMPTY_BODY = YES;
				CLANG_WARN_ENUM_CONVERSION = YES;
				CLANG_WARN_INT_CONVERSION = YES;
				CLANG_WARN__DUPLICATE_METHOD_MATCH = YES;
				"CODE_SIGN_IDENTITY[sdk=iphoneos*]" = "iPhone Developer";
				COPY_PHASE_STRIP = YES;
				GCC_C_LANGUAGE_STANDARD = gnu99;
				GCC_WARN_ABOUT_RETURN_TYPE = YES;
				GCC_WARN_UNINITIALIZED_AUTOS = YES;
				GCC_WARN_UNUSED_VARIABLE = YES;
				IPHONEOS_DEPLOYMENT_TARGET = 6.1;
				OTHER_CFLAGS = "-DNS_BLOCK_ASSERTIONS=1";
				SDKROOT = iphoneos;
				TARGETED_DEVICE_FAMILY = "1,2";
				VALIDATE_PRODUCT = YES;
			};
			name = Release;
		};
		ED04A4D3178D2C6000B7623D /* Debug */ = {
			isa = XCBuildConfiguration;
			buildSettings = {
				GCC_PRECOMPILE_PREFIX_HEADER = YES;
				GCC_PREFIX_HEADER = "First App/First App-Prefix.pch";
				INFOPLIST_FILE = "First App/First App-Info.plist";
				PRODUCT_NAME = "$(TARGET_NAME)";
				TARGETED_DEVICE_FAMILY = 1;
				WRAPPER_EXTENSION = app;
			};
			name = Debug;
		};
		ED04A4D4178D2C6000B7623D /* Release */ = {
			isa = XCBuildConfiguration;
			buildSettings = {
				GCC_PRECOMPILE_PREFIX_HEADER = YES;
				GCC_PREFIX_HEADER = "First App/First App-Prefix.pch";
				INFOPLIST_FILE = "First App/First App-Info.plist";
				PRODUCT_NAME = "$(TARGET_NAME)";
				TARGETED_DEVICE_FAMILY = 1;
				WRAPPER_EXTENSION = app;
			};
			name = Release;
		};
/* End XCBuildConfiguration section */

/* Begin XCConfigurationList section */
		ED04A4A7178D2C6000B7623D /* Build configuration list for PBXProject "First App" */ = {
			isa = XCConfigurationList;
			buildConfigurations = (
				ED04A4D0178D2C6000B7623D /* Debug */,
				ED04A4D1178D2C6000B7623D /* Release */,
			);
			defaultConfigurationIsVisible = 0;
			defaultConfigurationName = Release;
		};
		ED04A4D2178D2C6000B7623D /* Build configuration list for PBXNativeTarget "First App" */ = {
			isa = XCConfigurationList;
			buildConfigurations = (
				ED04A4D3178D2C6000B7623D /* Debug */,
				ED04A4D4178D2C6000B7623D /* Release */,
			);
			defaultConfigurationIsVisible = 0;
		};
/* End XCConfigurationList section */
	};
	rootObject = ED04A4A4178D2C6000B7623D /* Project object */;
}
